
Microsoft Visual Studio Solution File, Format Version 12.00
# Visual Studio Version 16
VisualStudioVersion = 16.0.32802.440
MinimumVisualStudioVersion = 10.0.40219.1
Project("{FAE04EC0-301F-11D3-BF4B-00C04F79EFBC}") = "Controlador", "Controlador\Controlador.csproj", "{BF783AF1-5ED0-4CC0-93A4-09526AC33EA6}"
EndProject
Project("{FAE04EC0-301F-11D3-BF4B-00C04F79EFBC}") = "Modelo", "Modelo\Modelo.csproj", "{BF1167CA-5478-419E-B96F-5CF735D89AC7}"
EndProject
Project("{FAE04EC0-301F-11D3-BF4B-00C04F79EFBC}") = "Vista", "Vista\Vista.csproj", "{03056DE7-FE07-4CE4-9FF1-52792AF1C5D1}"
EndProject
Global
	GlobalSection(SolutionConfigurationPlatforms) = preSolution
		Debug|Any CPU = Debug|Any CPU
		Release|Any CPU = Release|Any CPU
	EndGlobalSection
	GlobalSection(ProjectConfigurationPlatforms) = postSolution
		{BF783AF1-5ED0-4CC0-93A4-09526AC33EA6}.Debug|Any CPU.ActiveCfg = Debug|Any CPU
		{BF783AF1-5ED0-4CC0-93A4-09526AC33EA6}.Debug|Any CPU.Build.0 = Debug|Any CPU
		{BF783AF1-5ED0-4CC0-93A4-09526AC33EA6}.Release|Any CPU.ActiveCfg = Release|Any CPU
		{BF783AF1-5ED0-4CC0-93A4-09526AC33EA6}.Release|Any CPU.Build.0 = Release|Any CPU
		{BF1167CA-5478-419E-B96F-5CF735D89AC7}.Debug|Any CPU.ActiveCfg = Debug|Any CPU
		{BF1167CA-5478-419E-B96F-5CF735D89AC7}.Debug|Any CPU.Build.0 = Debug|Any CPU
		{BF1167CA-5478-419E-B96F-5CF735D89AC7}.Release|Any CPU.ActiveCfg = Release|Any CPU
		{BF1167CA-5478-419E-B96F-5CF735D89AC7}.Release|Any CPU.Build.0 = Release|Any CPU
		{03056DE7-FE07-4CE4-9FF1-52792AF1C5D1}.Debug|Any CPU.ActiveCfg = Debug|Any CPU
		{03056DE7-FE07-4CE4-9FF1-52792AF1C5D1}.Debug|Any CPU.Build.0 = Debug|Any CPU
		{03056DE7-FE07-4CE4-9FF1-52792AF1C5D1}.Release|Any CPU.ActiveCfg = Release|Any CPU
		{03056DE7-FE07-4CE4-9FF1-52792AF1C5D1}.Release|Any CPU.Build.0 = Release|Any CPU
	EndGlobalSection
	GlobalSection(SolutionProperties) = preSolution
		HideSolutionNode = FALSE
	EndGlobalSection
	GlobalSection(ExtensibilityGlobals) = postSolution
		SolutionGuid = {FDF60665-FA49-4800-BDBF-852A3B1E3D0A}
	EndGlobalSection
EndGlobal
